
Microsoft Visual Studio Solution File, Format Version 12.00
Project("{FAE04EC0-301F-11D3-BF4B-00C04F79EFBC}") = "Project3Travelin", "Project3Travelin\Project3Travelin.csproj", "{48F4BA48-492A-4E3E-A983-DEE40BF0B831}"
EndProject
Global
	GlobalSection(SolutionConfigurationPlatforms) = preSolution
		Debug|Any CPU = Debug|Any CPU
		Release|Any CPU = Release|Any CPU
	EndGlobalSection
	GlobalSection(ProjectConfigurationPlatforms) = postSolution
		{48F4BA48-492A-4E3E-A983-DEE40BF0B831}.Debug|Any CPU.ActiveCfg = Debug|Any CPU
		{48F4BA48-492A-4E3E-A983-DEE40BF0B831}.Debug|Any CPU.Build.0 = Debug|Any CPU
		{48F4BA48-492A-4E3E-A983-DEE40BF0B831}.Release|Any CPU.ActiveCfg = Release|Any CPU
		{48F4BA48-492A-4E3E-A983-DEE40BF0B831}.Release|Any CPU.Build.0 = Release|Any CPU
	EndGlobalSection
EndGlobal
